
Microsoft Visual Studio Solution File, Format Version 12.00
# Visual Studio 15
Project("{FAE04EC0-301F-11D3-BF4B-00C04F79EFBC}") = "Assembly-CSharp", "Assembly-CSharp.csproj", "{7B7E4ED4-90C2-A229-5D4E-996B992B706C}"
EndProject
Project("{FAE04EC0-301F-11D3-BF4B-00C04F79EFBC}") = "PhotonUnityNetworking.Demos", "PhotonUnityNetworking.Demos.csproj", "{845392AB-CE10-81C4-F1FA-DCBE2E09236F}"
EndProject
Project("{FAE04EC0-301F-11D3-BF4B-00C04F79EFBC}") = "PhotonRealtime", "PhotonRealtime.csproj", "{835A1C53-64A4-BB59-60F7-B7C71DC311D6}"
EndProject
Project("{FAE04EC0-301F-11D3-BF4B-00C04F79EFBC}") = "PhotonUnityNetworking", "PhotonUnityNetworking.csproj", "{06FC95B0-56A1-5A19-B923-C1C7E1BD2EA3}"
EndProject
Project("{FAE04EC0-301F-11D3-BF4B-00C04F79EFBC}") = "PhotonUnityNetworking.Utilities", "PhotonUnityNetworking.Utilities.csproj", "{AFE9DB79-D9ED-DD63-7734-42B6D1CDAA73}"
EndProject
Project("{FAE04EC0-301F-11D3-BF4B-00C04F79EFBC}") = "PhotonChat", "PhotonChat.csproj", "{B080D590-5E73-8E4C-C7BC-C1E33ED226AE}"
EndProject
Project("{FAE04EC0-301F-11D3-BF4B-00C04F79EFBC}") = "PhotonUnityNetworking.Editor", "PhotonUnityNetworking.Editor.csproj", "{80747A40-5651-F7D9-991E-423A13A3C59E}"
EndProject
Project("{FAE04EC0-301F-11D3-BF4B-00C04F79EFBC}") = "PhotonUnityNetworking.Utilities.PhotonPlayer.Editor", "PhotonUnityNetworking.Utilities.PhotonPlayer.Editor.csproj", "{765AFB4A-9D47-8AB7-2573-7A9299E2D97A}"
EndProject
Project("{FAE04EC0-301F-11D3-BF4B-00C04F79EFBC}") = "PunDemos.DemoSlotcarEditor", "PunDemos.DemoSlotcarEditor.csproj", "{630E95D9-B525-A60D-9463-ADCC37B04477}"
EndProject
Project("{FAE04EC0-301F-11D3-BF4B-00C04F79EFBC}") = "PhotonUnityNetworking.Utilities.Culling.Editor", "PhotonUnityNetworking.Utilities.Culling.Editor.csproj", "{4C0F13BF-72FC-74C7-E50E-DD18B52A66BC}"
EndProject
Project("{FAE04EC0-301F-11D3-BF4B-00C04F79EFBC}") = "PunDemos.DemoHubEditor", "PunDemos.DemoHubEditor.csproj", "{D2A5D5CB-01CE-DD59-C483-21650A8112FD}"
EndProject
Project("{FAE04EC0-301F-11D3-BF4B-00C04F79EFBC}") = "Assembly-CSharp-Editor", "Assembly-CSharp-Editor.csproj", "{E749B959-BAE2-BE24-582C-0D9114822EF3}"
EndProject
Global
	GlobalSection(SolutionConfigurationPlatforms) = preSolution
		Debug|Any CPU = Debug|Any CPU
		Release|Any CPU = Release|Any CPU
	EndGlobalSection
	GlobalSection(ProjectConfigurationPlatforms) = postSolution
		{7B7E4ED4-90C2-A229-5D4E-996B992B706C}.Debug|Any CPU.ActiveCfg = Debug|Any CPU
		{7B7E4ED4-90C2-A229-5D4E-996B992B706C}.Debug|Any CPU.Build.0 = Debug|Any CPU
		{7B7E4ED4-90C2-A229-5D4E-996B992B706C}.Release|Any CPU.ActiveCfg = Release|Any CPU
		{7B7E4ED4-90C2-A229-5D4E-996B992B706C}.Release|Any CPU.Build.0 = Release|Any CPU
		{845392AB-CE10-81C4-F1FA-DCBE2E09236F}.Debug|Any CPU.ActiveCfg = Debug|Any CPU
		{845392AB-CE10-81C4-F1FA-DCBE2E09236F}.Debug|Any CPU.Build.0 = Debug|Any CPU
		{845392AB-CE10-81C4-F1FA-DCBE2E09236F}.Release|Any CPU.ActiveCfg = Release|Any CPU
		{845392AB-CE10-81C4-F1FA-DCBE2E09236F}.Release|Any CPU.Build.0 = Release|Any CPU
		{835A1C53-64A4-BB59-60F7-B7C71DC311D6}.Debug|Any CPU.ActiveCfg = Debug|Any CPU
		{835A1C53-64A4-BB59-60F7-B7C71DC311D6}.Debug|Any CPU.Build.0 = Debug|Any CPU
		{835A1C53-64A4-BB59-60F7-B7C71DC311D6}.Release|Any CPU.ActiveCfg = Release|Any CPU
		{835A1C53-64A4-BB59-60F7-B7C71DC311D6}.Release|Any CPU.Build.0 = Release|Any CPU
		{06FC95B0-56A1-5A19-B923-C1C7E1BD2EA3}.Debug|Any CPU.ActiveCfg = Debug|Any CPU
		{06FC95B0-56A1-5A19-B923-C1C7E1BD2EA3}.Debug|Any CPU.Build.0 = Debug|Any CPU
		{06FC95B0-56A1-5A19-B923-C1C7E1BD2EA3}.Release|Any CPU.ActiveCfg = Release|Any CPU
		{06FC95B0-56A1-5A19-B923-C1C7E1BD2EA3}.Release|Any CPU.Build.0 = Release|Any CPU
		{AFE9DB79-D9ED-DD63-7734-42B6D1CDAA73}.Debug|Any CPU.ActiveCfg = Debug|Any CPU
		{AFE9DB79-D9ED-DD63-7734-42B6D1CDAA73}.Debug|Any CPU.Build.0 = Debug|Any CPU
		{AFE9DB79-D9ED-DD63-7734-42B6D1CDAA73}.Release|Any CPU.ActiveCfg = Release|Any CPU
		{AFE9DB79-D9ED-DD63-7734-42B6D1CDAA73}.Release|Any CPU.Build.0 = Release|Any CPU
		{B080D590-5E73-8E4C-C7BC-C1E33ED226AE}.Debug|Any CPU.ActiveCfg = Debug|Any CPU
		{B080D590-5E73-8E4C-C7BC-C1E33ED226AE}.Debug|Any CPU.Build.0 = Debug|Any CPU
		{B080D590-5E73-8E4C-C7BC-C1E33ED226AE}.Release|Any CPU.ActiveCfg = Release|Any CPU
		{B080D590-5E73-8E4C-C7BC-C1E33ED226AE}.Release|Any CPU.Build.0 = Release|Any CPU
		{80747A40-5651-F7D9-991E-423A13A3C59E}.Debug|Any CPU.ActiveCfg = Debug|Any CPU
		{80747A40-5651-F7D9-991E-423A13A3C59E}.Debug|Any CPU.Build.0 = Debug|Any CPU
		{80747A40-5651-F7D9-991E-423A13A3C59E}.Release|Any CPU.ActiveCfg = Release|Any CPU
		{80747A40-5651-F7D9-991E-423A13A3C59E}.Release|Any CPU.Build.0 = Release|Any CPU
		{765AFB4A-9D47-8AB7-2573-7A9299E2D97A}.Debug|Any CPU.ActiveCfg = Debug|Any CPU
		{765AFB4A-9D47-8AB7-2573-7A9299E2D97A}.Debug|Any CPU.Build.0 = Debug|Any CPU
		{765AFB4A-9D47-8AB7-2573-7A9299E2D97A}.Release|Any CPU.ActiveCfg = Release|Any CPU
		{765AFB4A-9D47-8AB7-2573-7A9299E2D97A}.Release|Any CPU.Build.0 = Release|Any CPU
		{630E95D9-B525-A60D-9463-ADCC37B04477}.Debug|Any CPU.ActiveCfg = Debug|Any CPU
		{630E95D9-B525-A60D-9463-ADCC37B04477}.Debug|Any CPU.Build.0 = Debug|Any CPU
		{630E95D9-B525-A60D-9463-ADCC37B04477}.Release|Any CPU.ActiveCfg = Release|Any CPU
		{630E95D9-B525-A60D-9463-ADCC37B04477}.Release|Any CPU.Build.0 = Release|Any CPU
		{4C0F13BF-72FC-74C7-E50E-DD18B52A66BC}.Debug|Any CPU.ActiveCfg = Debug|Any CPU
		{4C0F13BF-72FC-74C7-E50E-DD18B52A66BC}.Debug|Any CPU.Build.0 = Debug|Any CPU
		{4C0F13BF-72FC-74C7-E50E-DD18B52A66BC}.Release|Any CPU.ActiveCfg = Release|Any CPU
		{4C0F13BF-72FC-74C7-E50E-DD18B52A66BC}.Release|Any CPU.Build.0 = Release|Any CPU
		{D2A5D5CB-01CE-DD59-C483-21650A8112FD}.Debug|Any CPU.ActiveCfg = Debug|Any CPU
		{D2A5D5CB-01CE-DD59-C483-21650A8112FD}.Debug|Any CPU.Build.0 = Debug|Any CPU
		{D2A5D5CB-01CE-DD59-C483-21650A8112FD}.Release|Any CPU.ActiveCfg = Release|Any CPU
		{D2A5D5CB-01CE-DD59-C483-21650A8112FD}.Release|Any CPU.Build.0 = Release|Any CPU
		{E749B959-BAE2-BE24-582C-0D9114822EF3}.Debug|Any CPU.ActiveCfg = Debug|Any CPU
		{E749B959-BAE2-BE24-582C-0D9114822EF3}.Debug|Any CPU.Build.0 = Debug|Any CPU
		{E749B959-BAE2-BE24-582C-0D9114822EF3}.Release|Any CPU.ActiveCfg = Release|Any CPU
		{E749B959-BAE2-BE24-582C-0D9114822EF3}.Release|Any CPU.Build.0 = Release|Any CPU
	EndGlobalSection
	GlobalSection(SolutionProperties) = preSolution
		HideSolutionNode = FALSE
	EndGlobalSection
EndGlobal
